
Microsoft Visual Studio Solution File, Format Version 12.00
# Visual Studio Version 17
VisualStudioVersion = 17.4.33205.214
MinimumVisualStudioVersion = 10.0.40219.1
Project("{9A19103F-16F7-4668-BE54-9A1E7A4F7556}") = "FleetCoreMAUI", "FleetCoreMAUI.csproj", "{091B3CEB-BD9C-4702-ABA7-C2F833233CAA}"
EndProject
Global
	GlobalSection(SolutionConfigurationPlatforms) = preSolution
		Debug|Any CPU = Debug|Any CPU
		Release|Any CPU = Release|Any CPU
	EndGlobalSection
	GlobalSection(ProjectConfigurationPlatforms) = postSolution
		{091B3CEB-BD9C-4702-ABA7-C2F833233CAA}.Debug|Any CPU.ActiveCfg = Debug|Any CPU
		{091B3CEB-BD9C-4702-ABA7-C2F833233CAA}.Debug|Any CPU.Build.0 = Debug|Any CPU
		{091B3CEB-BD9C-4702-ABA7-C2F833233CAA}.Debug|Any CPU.Deploy.0 = Debug|Any CPU
		{091B3CEB-BD9C-4702-ABA7-C2F833233CAA}.Release|Any CPU.ActiveCfg = Release|Any CPU
		{091B3CEB-BD9C-4702-ABA7-C2F833233CAA}.Release|Any CPU.Build.0 = Release|Any CPU
	EndGlobalSection
	GlobalSection(SolutionProperties) = preSolution
		HideSolutionNode = FALSE
	EndGlobalSection
	GlobalSection(ExtensibilityGlobals) = postSolution
		SolutionGuid = {195255BF-7DC3-4157-8A47-4BFF3A295CA3}
	EndGlobalSection
EndGlobal
